
Microsoft Visual Studio Solution File, Format Version 12.00
# Visual Studio 14
VisualStudioVersion = 14.0.25123.0
MinimumVisualStudioVersion = 10.0.40219.1
Project("{8BC9CEB8-8B4A-11D0-8D11-00A0C91BC942}") = "Lab2", "Lab2\Lab2.vcxproj", "{E6246F17-4711-4CF0-9E7B-637AC1D1B17E}"
EndProject
Project("{8BC9CEB8-8B4A-11D0-8D11-00A0C91BC942}") = "VectorTests", "VectorTests\VectorTests.vcxproj", "{C70CBF89-87AA-4480-9E9B-CBC4E20CC5DD}"
EndProject
Global
	GlobalSection(SolutionConfigurationPlatforms) = preSolution
		Debug|x64 = Debug|x64
		Debug|x86 = Debug|x86
		Release|x64 = Release|x64
		Release|x86 = Release|x86
	EndGlobalSection
	GlobalSection(ProjectConfigurationPlatforms) = postSolution
		{E6246F17-4711-4CF0-9E7B-637AC1D1B17E}.Debug|x64.ActiveCfg = Debug|x64
		{E6246F17-4711-4CF0-9E7B-637AC1D1B17E}.Debug|x64.Build.0 = Debug|x64
		{E6246F17-4711-4CF0-9E7B-637AC1D1B17E}.Debug|x86.ActiveCfg = Debug|Win32
		{E6246F17-4711-4CF0-9E7B-637AC1D1B17E}.Debug|x86.Build.0 = Debug|Win32
		{E6246F17-4711-4CF0-9E7B-637AC1D1B17E}.Release|x64.ActiveCfg = Release|x64
		{E6246F17-4711-4CF0-9E7B-637AC1D1B17E}.Release|x64.Build.0 = Release|x64
		{E6246F17-4711-4CF0-9E7B-637AC1D1B17E}.Release|x86.ActiveCfg = Release|Win32
		{E6246F17-4711-4CF0-9E7B-637AC1D1B17E}.Release|x86.Build.0 = Release|Win32
		{C70CBF89-87AA-4480-9E9B-CBC4E20CC5DD}.Debug|x64.ActiveCfg = Debug|x64
		{C70CBF89-87AA-4480-9E9B-CBC4E20CC5DD}.Debug|x64.Build.0 = Debug|x64
		{C70CBF89-87AA-4480-9E9B-CBC4E20CC5DD}.Debug|x86.ActiveCfg = Debug|Win32
		{C70CBF89-87AA-4480-9E9B-CBC4E20CC5DD}.Debug|x86.Build.0 = Debug|Win32
		{C70CBF89-87AA-4480-9E9B-CBC4E20CC5DD}.Release|x64.ActiveCfg = Release|x64
		{C70CBF89-87AA-4480-9E9B-CBC4E20CC5DD}.Release|x64.Build.0 = Release|x64
		{C70CBF89-87AA-4480-9E9B-CBC4E20CC5DD}.Release|x86.ActiveCfg = Release|Win32
		{C70CBF89-87AA-4480-9E9B-CBC4E20CC5DD}.Release|x86.Build.0 = Release|Win32
	EndGlobalSection
	GlobalSection(SolutionProperties) = preSolution
		HideSolutionNode = FALSE
	EndGlobalSection
EndGlobal
